Microsoft Visual Studio Solution File, Format Version 11.00
# Visual Studio 2008

Project("{DC8F7B60-B778-770E-A4BD-66165A2CAA23}") = "FYP Alpha Phase", "Assembly-CSharp-firstpass.csproj", "{F31A24BE-EFA3-BC17-C980-1AAA0C10336E}"
EndProject
Project("{DC8F7B60-B778-770E-A4BD-66165A2CAA23}") = "FYP Alpha Phase", "Assembly-CSharp.csproj", "{B82D4D11-F860-2EB1-0358-332BBB4F54E7}"
EndProject
Project("{DC8F7B60-B778-770E-A4BD-66165A2CAA23}") = "FYP Alpha Phase", "Assembly-CSharp-Editor-firstpass.csproj", "{0CF2505D-637B-4628-B3B8-33E15A53EBA9}"
EndProject
Project("{DC8F7B60-B778-770E-A4BD-66165A2CAA23}") = "FYP Alpha Phase", "Assembly-CSharp-Editor.csproj", "{6B116CAD-65FE-657D-08B3-CAA27A106201}"
EndProject
Global
	GlobalSection(SolutionConfigurationPlatforms) = preSolution
		Debug|Any CPU = Debug|Any CPU
		Release|Any CPU = Release|Any CPU
	EndGlobalSection
	GlobalSection(ProjectConfigurationPlatforms) = postSolution
		{F31A24BE-EFA3-BC17-C980-1AAA0C10336E}.Debug|Any CPU.ActiveCfg = Debug|Any CPU
		{F31A24BE-EFA3-BC17-C980-1AAA0C10336E}.Debug|Any CPU.Build.0 = Debug|Any CPU
		{F31A24BE-EFA3-BC17-C980-1AAA0C10336E}.Release|Any CPU.ActiveCfg = Release|Any CPU
		{F31A24BE-EFA3-BC17-C980-1AAA0C10336E}.Release|Any CPU.Build.0 = Release|Any CPU
		{B82D4D11-F860-2EB1-0358-332BBB4F54E7}.Debug|Any CPU.ActiveCfg = Debug|Any CPU
		{B82D4D11-F860-2EB1-0358-332BBB4F54E7}.Debug|Any CPU.Build.0 = Debug|Any CPU
		{B82D4D11-F860-2EB1-0358-332BBB4F54E7}.Release|Any CPU.ActiveCfg = Release|Any CPU
		{B82D4D11-F860-2EB1-0358-332BBB4F54E7}.Release|Any CPU.Build.0 = Release|Any CPU
		{0CF2505D-637B-4628-B3B8-33E15A53EBA9}.Debug|Any CPU.ActiveCfg = Debug|Any CPU
		{0CF2505D-637B-4628-B3B8-33E15A53EBA9}.Debug|Any CPU.Build.0 = Debug|Any CPU
		{0CF2505D-637B-4628-B3B8-33E15A53EBA9}.Release|Any CPU.ActiveCfg = Release|Any CPU
		{0CF2505D-637B-4628-B3B8-33E15A53EBA9}.Release|Any CPU.Build.0 = Release|Any CPU
		{6B116CAD-65FE-657D-08B3-CAA27A106201}.Debug|Any CPU.ActiveCfg = Debug|Any CPU
		{6B116CAD-65FE-657D-08B3-CAA27A106201}.Debug|Any CPU.Build.0 = Debug|Any CPU
		{6B116CAD-65FE-657D-08B3-CAA27A106201}.Release|Any CPU.ActiveCfg = Release|Any CPU
		{6B116CAD-65FE-657D-08B3-CAA27A106201}.Release|Any CPU.Build.0 = Release|Any CPU
	EndGlobalSection
	GlobalSection(SolutionProperties) = preSolution
		HideSolutionNode = FALSE
	EndGlobalSection
	GlobalSection(MonoDevelopProperties) = preSolution
		StartupItem = Assembly-CSharp.csproj
	EndGlobalSection
EndGlobal
